Microsoft Visual Studio Solution File, Format Version 12.00
# Visual Studio Version 17
VisualStudioVersion = 17.5.2.0
MinimumVisualStudioVersion = 10.0.40219.1
Project("{FAE04EC0-301F-11D3-BF4B-00C04F79EFBC}") = "FinancialLogbook", "FinancialLogbook.csproj", "{5E125DD9-B471-B8BC-4F18-BCA7F5828C2A}"
EndProject
Global
	GlobalSection(SolutionConfigurationPlatforms) = preSolution
		Debug|Any CPU = Debug|Any CPU
		Release|Any CPU = Release|Any CPU
	EndGlobalSection
	GlobalSection(ProjectConfigurationPlatforms) = postSolution
		{5E125DD9-B471-B8BC-4F18-BCA7F5828C2A}.Debug|Any CPU.ActiveCfg = Debug|Any CPU
		{5E125DD9-B471-B8BC-4F18-BCA7F5828C2A}.Debug|Any CPU.Build.0 = Debug|Any CPU
		{5E125DD9-B471-B8BC-4F18-BCA7F5828C2A}.Release|Any CPU.ActiveCfg = Release|Any CPU
		{5E125DD9-B471-B8BC-4F18-BCA7F5828C2A}.Release|Any CPU.Build.0 = Release|Any CPU
	EndGlobalSection
	GlobalSection(SolutionProperties) = preSolution
		HideSolutionNode = FALSE
	EndGlobalSection
	GlobalSection(ExtensibilityGlobals) = postSolution
		SolutionGuid = {A77CDFFD-1650-40F3-8EAD-E465AC4CF5F3}
	EndGlobalSection
EndGlobal
